// !$*UTF8*$!
{
	archiveVersion = 1;
	classes = {
	};
	objectVersion = 51;
	objects = {

/* Begin PBXBuildFile section */
		6E316B912480E63900FEECC4 /* ZPLoginViewController.swift in Sources */ = {isa = PBXBuildFile; fileRef = 6E316B8F2480E63900FEECC4 /* ZPLoginViewController.swift */; };
		6E316B922480E63900FEECC4 /* ZPLoginViewController.xib in Resources */ = {isa = PBXBuildFile; fileRef = 6E316B902480E63900FEECC4 /* ZPLoginViewController.xib */; };
		6E316B952480E69D00FEECC4 /* ZPRegisterViewController.swift in Sources */ = {isa = PBXBuildFile; fileRef = 6E316B932480E69D00FEECC4 /* ZPRegisterViewController.swift */; };
		6E316B962480E69D00FEECC4 /* ZPRegisterViewController.xib in Resources */ = {isa = PBXBuildFile; fileRef = 6E316B942480E69D00FEECC4 /* ZPRegisterViewController.xib */; };
		6E316B9A24810E0B00FEECC4 /* BaseViewController.swift in Sources */ = {isa = PBXBuildFile; fileRef = 6E316B9924810E0B00FEECC4 /* BaseViewController.swift */; };
		6E316B9D24810F5A00FEECC4 /* RegexEnum.swift in Sources */ = {isa = PBXBuildFile; fileRef = 6E316B9B24810F5A00FEECC4 /* RegexEnum.swift */; };
		6E316B9E24810F5A00FEECC4 /* Regex.swift in Sources */ = {isa = PBXBuildFile; fileRef = 6E316B9C24810F5A00FEECC4 /* Regex.swift */; };
		6E316BA024810F7E00FEECC4 /* String+Extention.swift in Sources */ = {isa = PBXBuildFile; fileRef = 6E316B9F24810F7E00FEECC4 /* String+Extention.swift */; };
		6E316BA22481237400FEECC4 /* ToastUtil.swift in Sources */ = {isa = PBXBuildFile; fileRef = 6E316BA12481237400FEECC4 /* ToastUtil.swift */; };
		6E316BA62481EE0B00FEECC4 /* CustomNetworkAPI.swift in Sources */ = {isa = PBXBuildFile; fileRef = 6E316BA52481EE0B00FEECC4 /* CustomNetworkAPI.swift */; };
		6E316BAC24822B8000FEECC4 /* ZPMusicModel.swift in Sources */ = {isa = PBXBuildFile; fileRef = 6E316BAB24822B8000FEECC4 /* ZPMusicModel.swift */; };
		6E316BC32487489100FEECC4 /* Observable+Extention.swift in Sources */ = {isa = PBXBuildFile; fileRef = 6E316BC22487488F00FEECC4 /* Observable+Extention.swift */; };
		6E316BC524874B2E00FEECC4 /* BaseResponse.swift in Sources */ = {isa = PBXBuildFile; fileRef = 6E316BC424874B2E00FEECC4 /* BaseResponse.swift */; };
		6E316BC724874B6400FEECC4 /* DetailResponse.swift in Sources */ = {isa = PBXBuildFile; fileRef = 6E316BC624874B6400FEECC4 /* DetailResponse.swift */; };
		6E316BC924874B7F00FEECC4 /* ListResponse.swift in Sources */ = {isa = PBXBuildFile; fileRef = 6E316BC824874B7F00FEECC4 /* ListResponse.swift */; };
		6E316BCB24874EBA00FEECC4 /* CustomNetworkUtil.swift in Sources */ = {isa = PBXBuildFile; fileRef = 6E316BCA24874EBA00FEECC4 /* CustomNetworkUtil.swift */; };
		6E316BCD248796AA00FEECC4 /* BaseModel.swift in Sources */ = {isa = PBXBuildFile; fileRef = 6E316BCC248796AA00FEECC4 /* BaseModel.swift */; };
		6E5857AC24809B4600D5CA04 /* ZPLoginOrRegisterViewController.swift in Sources */ = {isa = PBXBuildFile; fileRef = 6E5857AA24809B4600D5CA04 /* ZPLoginOrRegisterViewController.swift */; };
		6E5857AD24809B4600D5CA04 /* ZPLoginOrRegisterViewController.xib in Resources */ = {isa = PBXBuildFile; fileRef = 6E5857AB24809B4600D5CA04 /* ZPLoginOrRegisterViewController.xib */; };
		6E5857CB2480A6BD00D5CA04 /* UIView+YJBannerViewExt.m in Sources */ = {isa = PBXBuildFile; fileRef = 6E5857B62480A6BD00D5CA04 /* UIView+YJBannerViewExt.m */; };
		6E5857CC2480A6BD00D5CA04 /* YJBannerView.m in Sources */ = {isa = PBXBuildFile; fileRef = 6E5857B82480A6BD00D5CA04 /* YJBannerView.m */; };
		6E5857CD2480A6BD00D5CA04 /* YJHollowPageControl.m in Sources */ = {isa = PBXBuildFile; fileRef = 6E5857BC2480A6BD00D5CA04 /* YJHollowPageControl.m */; };
		6E5857CE2480A6BD00D5CA04 /* YJAbstractDotView.m in Sources */ = {isa = PBXBuildFile; fileRef = 6E5857BD2480A6BD00D5CA04 /* YJAbstractDotView.m */; };
		6E5857CF2480A6BD00D5CA04 /* YJAnimatedDotView.m in Sources */ = {isa = PBXBuildFile; fileRef = 6E5857BE2480A6BD00D5CA04 /* YJAnimatedDotView.m */; };
		6E5857D02480A6BD00D5CA04 /* YJBannerView.bundle in Resources */ = {isa = PBXBuildFile; fileRef = 6E5857C32480A6BD00D5CA04 /* YJBannerView.bundle */; };
		6E5857D12480A6BD00D5CA04 /* YJBannerViewCollectionView.m in Sources */ = {isa = PBXBuildFile; fileRef = 6E5857C52480A6BD00D5CA04 /* YJBannerViewCollectionView.m */; };
		6E5857D22480A6BD00D5CA04 /* YJBannerViewCell.m in Sources */ = {isa = PBXBuildFile; fileRef = 6E5857C62480A6BD00D5CA04 /* YJBannerViewCell.m */; };
		6E5857D32480A6BD00D5CA04 /* YJBannerViewFooter.m in Sources */ = {isa = PBXBuildFile; fileRef = 6E5857C92480A6BD00D5CA04 /* YJBannerViewFooter.m */; };
		6E5857D52480AAD500D5CA04 /* ColorConstant.swift in Sources */ = {isa = PBXBuildFile; fileRef = 6E5857D42480AAD500D5CA04 /* ColorConstant.swift */; };
		6E5857DE2480B13C00D5CA04 /* ZPGuideViewControllerExtention.swift in Sources */ = {isa = PBXBuildFile; fileRef = 6E5857DD2480B13C00D5CA04 /* ZPGuideViewControllerExtention.swift */; };
		6E5857E22480B2B800D5CA04 /* PushUtil.swift in Sources */ = {isa = PBXBuildFile; fileRef = 6E5857E12480B2B800D5CA04 /* PushUtil.swift */; };
		6E5857E42480B57F00D5CA04 /* DefaultKeys.swift in Sources */ = {isa = PBXBuildFile; fileRef = 6E5857E32480B57F00D5CA04 /* DefaultKeys.swift */; };
		6E5857E82480B7C200D5CA04 /* PreferenceUtil.swift in Sources */ = {isa = PBXBuildFile; fileRef = 6E5857E72480B7C200D5CA04 /* PreferenceUtil.swift */; };
		6E5E225D247F990900BB79B5 /* AppDelegate.swift in Sources */ = {isa = PBXBuildFile; fileRef = 6E5E225C247F990900BB79B5 /* AppDelegate.swift */; };
		6E5E2264247F990900BB79B5 /* Splash.storyboard in Resources */ = {isa = PBXBuildFile; fileRef = 6E5E2262247F990900BB79B5 /* Splash.storyboard */; };
		6E5E2266247F990D00BB79B5 /* Assets.xcassets in Resources */ = {isa = PBXBuildFile; fileRef = 6E5E2265247F990D00BB79B5 /* Assets.xcassets */; };
		6E5E2269247F990D00BB79B5 /* LaunchScreen.storyboard in Resources */ = {isa = PBXBuildFile; fileRef = 6E5E2267247F990D00BB79B5 /* LaunchScreen.storyboard */; };
		6E5E2273247FB28D00BB79B5 /* ZPSplashViewController.swift in Sources */ = {isa = PBXBuildFile; fileRef = 6E5E2272247FB28D00BB79B5 /* ZPSplashViewController.swift */; };
		6E5E2276247FB48700BB79B5 /* ZPGuideViewController.swift in Sources */ = {isa = PBXBuildFile; fileRef = 6E5E2274247FB48700BB79B5 /* ZPGuideViewController.swift */; };
		6E5E2277247FB48700BB79B5 /* ZPGuideViewController.xib in Resources */ = {isa = PBXBuildFile; fileRef = 6E5E2275247FB48700BB79B5 /* ZPGuideViewController.xib */; };
		6E5E227A247FDB9B00BB79B5 /* UIView+Extention.swift in Sources */ = {isa = PBXBuildFile; fileRef = 6E5E2279247FDB9B00BB79B5 /* UIView+Extention.swift */; };
		6E5E227D247FE5D200BB79B5 /* Constant.swift in Sources */ = {isa = PBXBuildFile; fileRef = 6E5E227C247FE5D200BB79B5 /* Constant.swift */; };
		6E5E227F247FEBCB00BB79B5 /* UIColor+Extention.swift in Sources */ = {isa = PBXBuildFile; fileRef = 6E5E227E247FEBCB00BB79B5 /* UIColor+Extention.swift */; };
		7A9F9F2BB33AFBF319C566D0 /* Pods_CloudMusic.framework in Frameworks */ = {isa = PBXBuildFile; fileRef = 8D2848F9B18DFDC21AC9858D /* Pods_CloudMusic.framework */; settings = {ATTRIBUTES = (Required, ); }; };
/* End PBXBuildFile section */

/* Begin PBXFileReference section */
		5C23224B6663A2816B640918 /* Pods-CloudMusic.release.xcconfig */ = {isa = PBXFileReference; includeInIndex = 1; lastKnownFileType = text.xcconfig; name = "Pods-CloudMusic.release.xcconfig"; path = "Target Support Files/Pods-CloudMusic/Pods-CloudMusic.release.xcconfig"; sourceTree = "<group>"; };
		6E316B8F2480E63900FEECC4 /* ZPLoginViewController.swift */ = {isa = PBXFileReference; lastKnownFileType = sourcecode.swift; path = ZPLoginViewController.swift; sourceTree = "<group>"; };
		6E316B902480E63900FEECC4 /* ZPLoginViewController.xib */ = {isa = PBXFileReference; lastKnownFileType = file.xib; path = ZPLoginViewController.xib; sourceTree = "<group>"; };
		6E316B932480E69D00FEECC4 /* ZPRegisterViewController.swift */ = {isa = PBXFileReference; lastKnownFileType = sourcecode.swift; path = ZPRegisterViewController.swift; sourceTree = "<group>"; };
		6E316B942480E69D00FEECC4 /* ZPRegisterViewController.xib */ = {isa = PBXFileReference; lastKnownFileType = file.xib; path = ZPRegisterViewController.xib; sourceTree = "<group>"; };
		6E316B9924810E0B00FEECC4 /* BaseViewController.swift */ = {isa = PBXFileReference; lastKnownFileType = sourcecode.swift; path = BaseViewController.swift; sourceTree = "<group>"; };
		6E316B9B24810F5A00FEECC4 /* RegexEnum.swift */ = {isa = PBXFileReference; fileEncoding = 4; lastKnownFileType = sourcecode.swift; path = RegexEnum.swift; sourceTree = "<group>"; };
		6E316B9C24810F5A00FEECC4 /* Regex.swift */ = {isa = PBXFileReference; fileEncoding = 4; lastKnownFileType = sourcecode.swift; path = Regex.swift; sourceTree = "<group>"; };
		6E316B9F24810F7E00FEECC4 /* String+Extention.swift */ = {isa = PBXFileReference; lastKnownFileType = sourcecode.swift; path = "String+Extention.swift"; sourceTree = "<group>"; };
		6E316BA12481237400FEECC4 /* ToastUtil.swift */ = {isa = PBXFileReference; fileEncoding = 4; lastKnownFileType = sourcecode.swift; path = ToastUtil.swift; sourceTree = "<group>"; };
		6E316BA52481EE0B00FEECC4 /* CustomNetworkAPI.swift */ = {isa = PBXFileReference; lastKnownFileType = sourcecode.swift; path = CustomNetworkAPI.swift; sourceTree = "<group>"; };
		6E316BAB24822B8000FEECC4 /* ZPMusicModel.swift */ = {isa = PBXFileReference; lastKnownFileType = sourcecode.swift; path = ZPMusicModel.swift; sourceTree = "<group>"; };
		6E316BC22487488F00FEECC4 /* Observable+Extention.swift */ = {isa = PBXFileReference; lastKnownFileType = sourcecode.swift; path = "Observable+Extention.swift"; sourceTree = "<group>"; };
		6E316BC424874B2E00FEECC4 /* BaseResponse.swift */ = {isa = PBXFileReference; lastKnownFileType = sourcecode.swift; path = BaseResponse.swift; sourceTree = "<group>"; };
		6E316BC624874B6400FEECC4 /* DetailResponse.swift */ = {isa = PBXFileReference; lastKnownFileType = sourcecode.swift; path = DetailResponse.swift; sourceTree = "<group>"; };
		6E316BC824874B7F00FEECC4 /* ListResponse.swift */ = {isa = PBXFileReference; lastKnownFileType = sourcecode.swift; path = ListResponse.swift; sourceTree = "<group>"; };
		6E316BCA24874EBA00FEECC4 /* CustomNetworkUtil.swift */ = {isa = PBXFileReference; lastKnownFileType = sourcecode.swift; path = CustomNetworkUtil.swift; sourceTree = "<group>"; };
		6E316BCC248796AA00FEECC4 /* BaseModel.swift */ = {isa = PBXFileReference; lastKnownFileType = sourcecode.swift; path = BaseModel.swift; sourceTree = "<group>"; };
		6E5857AA24809B4600D5CA04 /* ZPLoginOrRegisterViewController.swift */ = {isa = PBXFileReference; lastKnownFileType = sourcecode.swift; path = ZPLoginOrRegisterViewController.swift; sourceTree = "<group>"; };
		6E5857AB24809B4600D5CA04 /* ZPLoginOrRegisterViewController.xib */ = {isa = PBXFileReference; lastKnownFileType = file.xib; path = ZPLoginOrRegisterViewController.xib; sourceTree = "<group>"; };
		6E5857AE24809D8100D5CA04 /* CloudMusic-Bridging-Header.h */ = {isa = PBXFileReference; fileEncoding = 4; lastKnownFileType = sourcecode.c.h; path = "CloudMusic-Bridging-Header.h"; sourceTree = "<group>"; };
		6E5857B62480A6BD00D5CA04 /* UIView+YJBannerViewExt.m */ = {isa = PBXFileReference; fileEncoding = 4; lastKnownFileType = sourcecode.c.objc; path = "UIView+YJBannerViewExt.m"; sourceTree = "<group>"; };
		6E5857B72480A6BD00D5CA04 /* UIView+YJBannerViewExt.h */ = {isa = PBXFileReference; fileEncoding = 4; lastKnownFileType = sourcecode.c.h; path = "UIView+YJBannerViewExt.h"; sourceTree = "<group>"; };
		6E5857B82480A6BD00D5CA04 /* YJBannerView.m */ = {isa = PBXFileReference; fileEncoding = 4; lastKnownFileType = sourcecode.c.objc; path = YJBannerView.m; sourceTree = "<group>"; };
		6E5857BB2480A6BD00D5CA04 /* YJAnimatedDotView.h */ = {isa = PBXFileReference; fileEncoding = 4; lastKnownFileType = sourcecode.c.h; path = YJAnimatedDotView.h; sourceTree = "<group>"; };
		6E5857BC2480A6BD00D5CA04 /* YJHollowPageControl.m */ = {isa = PBXFileReference; fileEncoding = 4; lastKnownFileType = sourcecode.c.objc; path = YJHollowPageControl.m; sourceTree = "<group>"; };
		6E5857BD2480A6BD00D5CA04 /* YJAbstractDotView.m */ = {isa = PBXFileReference; fileEncoding = 4; lastKnownFileType = sourcecode.c.objc; path = YJAbstractDotView.m; sourceTree = "<group>"; };
		6E5857BE2480A6BD00D5CA04 /* YJAnimatedDotView.m */ = {isa = PBXFileReference; fileEncoding = 4; lastKnownFileType = sourcecode.c.objc; path = YJAnimatedDotView.m; sourceTree = "<group>"; };
		6E5857BF2480A6BD00D5CA04 /* YJHollowPageControl.h */ = {isa = PBXFileReference; fileEncoding = 4; lastKnownFileType = sourcecode.c.h; path = YJHollowPageControl.h; sourceTree = "<group>"; };
		6E5857C02480A6BD00D5CA04 /* YJAbstractDotView.h */ = {isa = PBXFileReference; fileEncoding = 4; lastKnownFileType = sourcecode.c.h; path = YJAbstractDotView.h; sourceTree = "<group>"; };
		6E5857C12480A6BD00D5CA04 /* YJBannerView.h */ = {isa = PBXFileReference; fileEncoding = 4; lastKnownFileType = sourcecode.c.h; path = YJBannerView.h; sourceTree = "<group>"; };
		6E5857C32480A6BD00D5CA04 /* YJBannerView.bundle */ = {isa = PBXFileReference; lastKnownFileType = "wrapper.plug-in"; path = YJBannerView.bundle; sourceTree = "<group>"; };
		6E5857C52480A6BD00D5CA04 /* YJBannerViewCollectionView.m */ = {isa = PBXFileReference; fileEncoding = 4; lastKnownFileType = sourcecode.c.objc; path = YJBannerViewCollectionView.m; sourceTree = "<group>"; };
		6E5857C62480A6BD00D5CA04 /* YJBannerViewCell.m */ = {isa = PBXFileReference; fileEncoding = 4; lastKnownFileType = sourcecode.c.objc; path = YJBannerViewCell.m; sourceTree = "<group>"; };
		6E5857C72480A6BD00D5CA04 /* YJBannerViewFooter.h */ = {isa = PBXFileReference; fileEncoding = 4; lastKnownFileType = sourcecode.c.h; path = YJBannerViewFooter.h; sourceTree = "<group>"; };
		6E5857C82480A6BD00D5CA04 /* YJBannerViewCollectionView.h */ = {isa = PBXFileReference; fileEncoding = 4; lastKnownFileType = sourcecode.c.h; path = YJBannerViewCollectionView.h; sourceTree = "<group>"; };
		6E5857C92480A6BD00D5CA04 /* YJBannerViewFooter.m */ = {isa = PBXFileReference; fileEncoding = 4; lastKnownFileType = sourcecode.c.objc; path = YJBannerViewFooter.m; sourceTree = "<group>"; };
		6E5857CA2480A6BD00D5CA04 /* YJBannerViewCell.h */ = {isa = PBXFileReference; fileEncoding = 4; lastKnownFileType = sourcecode.c.h; path = YJBannerViewCell.h; sourceTree = "<group>"; };
		6E5857D42480AAD500D5CA04 /* ColorConstant.swift */ = {isa = PBXFileReference; lastKnownFileType = sourcecode.swift; path = ColorConstant.swift; sourceTree = "<group>"; };
		6E5857DD2480B13C00D5CA04 /* ZPGuideViewControllerExtention.swift */ = {isa = PBXFileReference; lastKnownFileType = sourcecode.swift; path = ZPGuideViewControllerExtention.swift; sourceTree = "<group>"; };
		6E5857E12480B2B800D5CA04 /* PushUtil.swift */ = {isa = PBXFileReference; lastKnownFileType = sourcecode.swift; path = PushUtil.swift; sourceTree = "<group>"; };
		6E5857E32480B57F00D5CA04 /* DefaultKeys.swift */ = {isa = PBXFileReference; lastKnownFileType = sourcecode.swift; path = DefaultKeys.swift; sourceTree = "<group>"; };
		6E5857E72480B7C200D5CA04 /* PreferenceUtil.swift */ = {isa = PBXFileReference; lastKnownFileType = sourcecode.swift; path = PreferenceUtil.swift; sourceTree = "<group>"; };
		6E5E2259247F990900BB79B5 /* CloudMusic.app */ = {isa = PBXFileReference; explicitFileType = wrapper.application; includeInIndex = 0; path = CloudMusic.app; sourceTree = BUILT_PRODUCTS_DIR; };
		6E5E225C247F990900BB79B5 /* AppDelegate.swift */ = {isa = PBXFileReference; lastKnownFileType = sourcecode.swift; path = AppDelegate.swift; sourceTree = "<group>"; };
		6E5E2263247F990900BB79B5 /* Base */ = {isa = PBXFileReference; lastKnownFileType = file.storyboard; name = Base; path = Base.lproj/Splash.storyboard; sourceTree = "<group>"; };
		6E5E2265247F990D00BB79B5 /* Assets.xcassets */ = {isa = PBXFileReference; lastKnownFileType = folder.assetcatalog; path = Assets.xcassets; sourceTree = "<group>"; };
		6E5E2268247F990D00BB79B5 /* Base */ = {isa = PBXFileReference; lastKnownFileType = file.storyboard; name = Base; path = Base.lproj/LaunchScreen.storyboard; sourceTree = "<group>"; };
		6E5E226A247F990D00BB79B5 /* Info.plist */ = {isa = PBXFileReference; lastKnownFileType = text.plist.xml; path = Info.plist; sourceTree = "<group>"; };
		6E5E2272247FB28D00BB79B5 /* ZPSplashViewController.swift */ = {isa = PBXFileReference; lastKnownFileType = sourcecode.swift; path = ZPSplashViewController.swift; sourceTree = "<group>"; };
		6E5E2274247FB48700BB79B5 /* ZPGuideViewController.swift */ = {isa = PBXFileReference; lastKnownFileType = sourcecode.swift; path = ZPGuideViewController.swift; sourceTree = "<group>"; };
		6E5E2275247FB48700BB79B5 /* ZPGuideViewController.xib */ = {isa = PBXFileReference; lastKnownFileType = file.xib; path = ZPGuideViewController.xib; sourceTree = "<group>"; };
		6E5E2279247FDB9B00BB79B5 /* UIView+Extention.swift */ = {isa = PBXFileReference; lastKnownFileType = sourcecode.swift; path = "UIView+Extention.swift"; sourceTree = "<group>"; };
		6E5E227C247FE5D200BB79B5 /* Constant.swift */ = {isa = PBXFileReference; lastKnownFileType = sourcecode.swift; path = Constant.swift; sourceTree = "<group>"; };
		6E5E227E247FEBCB00BB79B5 /* UIColor+Extention.swift */ = {isa = PBXFileReference; lastKnownFileType = sourcecode.swift; path = "UIColor+Extention.swift"; sourceTree = "<group>"; };
		7F36F7541C414610088412F5 /* Pods-CloudMusic.debug.xcconfig */ = {isa = PBXFileReference; includeInIndex = 1; lastKnownFileType = text.xcconfig; name = "Pods-CloudMusic.debug.xcconfig"; path = "Target Support Files/Pods-CloudMusic/Pods-CloudMusic.debug.xcconfig"; sourceTree = "<group>"; };
		8D2848F9B18DFDC21AC9858D /* Pods_CloudMusic.framework */ = {isa = PBXFileReference; explicitFileType = wrapper.framework; includeInIndex = 0; path = Pods_CloudMusic.framework; sourceTree = BUILT_PRODUCTS_DIR; };
/* End PBXFileReference section */

/* Begin PBXFrameworksBuildPhase section */
		6E5E2256247F990900BB79B5 /* Frameworks */ = {
			isa = PBXFrameworksBuildPhase;
			buildActionMask = 2147483647;
			files = (
				7A9F9F2BB33AFBF319C566D0 /* Pods_CloudMusic.framework in Frameworks */,
			);
			runOnlyForDeploymentPostprocessing = 0;
		};
/* End PBXFrameworksBuildPhase section */

/* Begin PBXGroup section */
		6E316B9724810DF500FEECC4 /* Base */ = {
			isa = PBXGroup;
			children = (
				6E316B9824810DFD00FEECC4 /* Controller */,
			);
			path = Base;
			sourceTree = "<group>";
		};
		6E316B9824810DFD00FEECC4 /* Controller */ = {
			isa = PBXGroup;
			children = (
				6E316B9924810E0B00FEECC4 /* BaseViewController.swift */,
			);
			path = Controller;
			sourceTree = "<group>";
		};
		6E316BA42481EDCF00FEECC4 /* API */ = {
			isa = PBXGroup;
			children = (
				6E316BA52481EE0B00FEECC4 /* CustomNetworkAPI.swift */,
				6E316BCA24874EBA00FEECC4 /* CustomNetworkUtil.swift */,
				6E316BC424874B2E00FEECC4 /* BaseResponse.swift */,
				6E316BC624874B6400FEECC4 /* DetailResponse.swift */,
				6E316BC824874B7F00FEECC4 /* ListResponse.swift */,
				6E316BCC248796AA00FEECC4 /* BaseModel.swift */,
			);
			path = API;
			sourceTree = "<group>";
		};
		6E316BA924822B6100FEECC4 /* Music */ = {
			isa = PBXGroup;
			children = (
				6E316BAA24822B6E00FEECC4 /* Model */,
			);
			path = Music;
			sourceTree = "<group>";
		};
		6E316BAA24822B6E00FEECC4 /* Model */ = {
			isa = PBXGroup;
			children = (
				6E316BAB24822B8000FEECC4 /* ZPMusicModel.swift */,
			);
			path = Model;
			sourceTree = "<group>";
		};
		6E5857B224809DCA00D5CA04 /* main */ = {
			isa = PBXGroup;
			children = (
				6E316B9724810DF500FEECC4 /* Base */,
				6E5E2267247F990D00BB79B5 /* LaunchScreen.storyboard */,
				6E5E225C247F990900BB79B5 /* AppDelegate.swift */,
				6E5E226A247F990D00BB79B5 /* Info.plist */,
				6E5857AE24809D8100D5CA04 /* CloudMusic-Bridging-Header.h */,
				6E5857E32480B57F00D5CA04 /* DefaultKeys.swift */,
			);
			path = main;
			sourceTree = "<group>";
		};
		6E5857B32480A67A00D5CA04 /* Vender */ = {
			isa = PBXGroup;
			children = (
				6E5857B42480A6BD00D5CA04 /* YJBannerView */,
			);
			path = Vender;
			sourceTree = "<group>";
		};
		6E5857B42480A6BD00D5CA04 /* YJBannerView */ = {
			isa = PBXGroup;
			children = (
				6E5857B52480A6BD00D5CA04 /* Tools */,
				6E5857B82480A6BD00D5CA04 /* YJBannerView.m */,
				6E5857B92480A6BD00D5CA04 /* PageControls */,
				6E5857C12480A6BD00D5CA04 /* YJBannerView.h */,
				6E5857C22480A6BD00D5CA04 /* Resource */,
				6E5857C42480A6BD00D5CA04 /* Views */,
			);
			path = YJBannerView;
			sourceTree = "<group>";
		};
		6E5857B52480A6BD00D5CA04 /* Tools */ = {
			isa = PBXGroup;
			children = (
				6E5857B62480A6BD00D5CA04 /* UIView+YJBannerViewExt.m */,
				6E5857B72480A6BD00D5CA04 /* UIView+YJBannerViewExt.h */,
			);
			path = Tools;
			sourceTree = "<group>";
		};
		6E5857B92480A6BD00D5CA04 /* PageControls */ = {
			isa = PBXGroup;
			children = (
				6E5857BA2480A6BD00D5CA04 /* YJHollowPageControl */,
			);
			path = PageControls;
			sourceTree = "<group>";
		};
		6E5857BA2480A6BD00D5CA04 /* YJHollowPageControl */ = {
			isa = PBXGroup;
			children = (
				6E5857BB2480A6BD00D5CA04 /* YJAnimatedDotView.h */,
				6E5857BC2480A6BD00D5CA04 /* YJHollowPageControl.m */,
				6E5857BD2480A6BD00D5CA04 /* YJAbstractDotView.m */,
				6E5857BE2480A6BD00D5CA04 /* YJAnimatedDotView.m */,
				6E5857BF2480A6BD00D5CA04 /* YJHollowPageControl.h */,
				6E5857C02480A6BD00D5CA04 /* YJAbstractDotView.h */,
			);
			path = YJHollowPageControl;
			sourceTree = "<group>";
		};
		6E5857C22480A6BD00D5CA04 /* Resource */ = {
			isa = PBXGroup;
			children = (
				6E5857C32480A6BD00D5CA04 /* YJBannerView.bundle */,
			);
			path = Resource;
			sourceTree = "<group>";
		};
		6E5857C42480A6BD00D5CA04 /* Views */ = {
			isa = PBXGroup;
			children = (
				6E5857C52480A6BD00D5CA04 /* YJBannerViewCollectionView.m */,
				6E5857C62480A6BD00D5CA04 /* YJBannerViewCell.m */,
				6E5857C72480A6BD00D5CA04 /* YJBannerViewFooter.h */,
				6E5857C82480A6BD00D5CA04 /* YJBannerViewCollectionView.h */,
				6E5857C92480A6BD00D5CA04 /* YJBannerViewFooter.m */,
				6E5857CA2480A6BD00D5CA04 /* YJBannerViewCell.h */,
			);
			path = Views;
			sourceTree = "<group>";
		};
		6E5857D62480B0CF00D5CA04 /* Classes */ = {
			isa = PBXGroup;
			children = (
				6E316BA924822B6100FEECC4 /* Music */,
				6E5857DB2480B10A00D5CA04 /* Login_Register */,
				6E5857D82480B0E700D5CA04 /* Guide */,
				6E5857D72480B0DA00D5CA04 /* Splash */,
			);
			path = Classes;
			sourceTree = "<group>";
		};
		6E5857D72480B0DA00D5CA04 /* Splash */ = {
			isa = PBXGroup;
			children = (
				6E5857DA2480B0FF00D5CA04 /* Controller */,
			);
			path = Splash;
			sourceTree = "<group>";
		};
		6E5857D82480B0E700D5CA04 /* Guide */ = {
			isa = PBXGroup;
			children = (
				6E5857D92480B0EC00D5CA04 /* Controller */,
			);
			path = Guide;
			sourceTree = "<group>";
		};
		6E5857D92480B0EC00D5CA04 /* Controller */ = {
			isa = PBXGroup;
			children = (
				6E5E2274247FB48700BB79B5 /* ZPGuideViewController.swift */,
				6E5857DD2480B13C00D5CA04 /* ZPGuideViewControllerExtention.swift */,
				6E5E2275247FB48700BB79B5 /* ZPGuideViewController.xib */,
			);
			path = Controller;
			sourceTree = "<group>";
		};
		6E5857DA2480B0FF00D5CA04 /* Controller */ = {
			isa = PBXGroup;
			children = (
				6E5E2272247FB28D00BB79B5 /* ZPSplashViewController.swift */,
				6E5E2262247F990900BB79B5 /* Splash.storyboard */,
			);
			path = Controller;
			sourceTree = "<group>";
		};
		6E5857DB2480B10A00D5CA04 /* Login_Register */ = {
			isa = PBXGroup;
			children = (
				6E5857DC2480B12400D5CA04 /* Controller */,
			);
			path = Login_Register;
			sourceTree = "<group>";
		};
		6E5857DC2480B12400D5CA04 /* Controller */ = {
			isa = PBXGroup;
			children = (
				6E5857AA24809B4600D5CA04 /* ZPLoginOrRegisterViewController.swift */,
				6E5857AB24809B4600D5CA04 /* ZPLoginOrRegisterViewController.xib */,
				6E316B8F2480E63900FEECC4 /* ZPLoginViewController.swift */,
				6E316B902480E63900FEECC4 /* ZPLoginViewController.xib */,
				6E316B932480E69D00FEECC4 /* ZPRegisterViewController.swift */,
				6E316B942480E69D00FEECC4 /* ZPRegisterViewController.xib */,
			);
			path = Controller;
			sourceTree = "<group>";
		};
		6E5E2250247F990900BB79B5 = {
			isa = PBXGroup;
			children = (
				6E5E225B247F990900BB79B5 /* CloudMusic */,
				6E5E225A247F990900BB79B5 /* Products */,
				A5902DEC3B93AD9CD91564A5 /* Pods */,
				F6EBBE83EEE983C1BFF9CFD4 /* Frameworks */,
			);
			sourceTree = "<group>";
		};
		6E5E225A247F990900BB79B5 /* Products */ = {
			isa = PBXGroup;
			children = (
				6E5E2259247F990900BB79B5 /* CloudMusic.app */,
			);
			name = Products;
			sourceTree = "<group>";
		};
		6E5E225B247F990900BB79B5 /* CloudMusic */ = {
			isa = PBXGroup;
			children = (
				6E316BA42481EDCF00FEECC4 /* API */,
				6E5857D62480B0CF00D5CA04 /* Classes */,
				6E5857B32480A67A00D5CA04 /* Vender */,
				6E5857B224809DCA00D5CA04 /* main */,
				6E5E227B247FE5BA00BB79B5 /* Util */,
				6E5E2278247FDAE300BB79B5 /* Extention */,
				6E5E2271247FB26300BB79B5 /* Controller */,
				6E5E2265247F990D00BB79B5 /* Assets.xcassets */,
			);
			path = CloudMusic;
			sourceTree = "<group>";
		};
		6E5E2271247FB26300BB79B5 /* Controller */ = {
			isa = PBXGroup;
			children = (
			);
			path = Controller;
			sourceTree = "<group>";
		};
		6E5E2278247FDAE300BB79B5 /* Extention */ = {
			isa = PBXGroup;
			children = (
				6E5E2279247FDB9B00BB79B5 /* UIView+Extention.swift */,
				6E5E227E247FEBCB00BB79B5 /* UIColor+Extention.swift */,
				6E316B9F24810F7E00FEECC4 /* String+Extention.swift */,
				6E316BC22487488F00FEECC4 /* Observable+Extention.swift */,
			);
			path = Extention;
			sourceTree = "<group>";
		};
		6E5E227B247FE5BA00BB79B5 /* Util */ = {
			isa = PBXGroup;
			children = (
				6E316BA12481237400FEECC4 /* ToastUtil.swift */,
				6E316B9C24810F5A00FEECC4 /* Regex.swift */,
				6E316B9B24810F5A00FEECC4 /* RegexEnum.swift */,
				6E5E227C247FE5D200BB79B5 /* Constant.swift */,
				6E5857D42480AAD500D5CA04 /* ColorConstant.swift */,
				6E5857E12480B2B800D5CA04 /* PushUtil.swift */,
				6E5857E72480B7C200D5CA04 /* PreferenceUtil.swift */,
			);
			path = Util;
			sourceTree = "<group>";
		};
		A5902DEC3B93AD9CD91564A5 /* Pods */ = {
			isa = PBXGroup;
			children = (
				7F36F7541C414610088412F5 /* Pods-CloudMusic.debug.xcconfig */,
				5C23224B6663A2816B640918 /* Pods-CloudMusic.release.xcconfig */,
			);
			path = Pods;
			sourceTree = "<group>";
		};
		F6EBBE83EEE983C1BFF9CFD4 /* Frameworks */ = {
			isa = PBXGroup;
			children = (
				8D2848F9B18DFDC21AC9858D /* Pods_CloudMusic.framework */,
			);
			name = Frameworks;
			sourceTree = "<group>";
		};
/* End PBXGroup section */

/* Begin PBXNativeTarget section */
		6E5E2258247F990900BB79B5 /* CloudMusic */ = {
			isa = PBXNativeTarget;
			buildConfigurationList = 6E5E226D247F990D00BB79B5 /* Build configuration list for PBXNativeTarget "CloudMusic" */;
			buildPhases = (
				40DE7FF9259C0745B3221320 /* [CP] Check Pods Manifest.lock */,
				6E5E2255247F990900BB79B5 /* Sources */,
				6E5E2256247F990900BB79B5 /* Frameworks */,
				6E5E2257247F990900BB79B5 /* Resources */,
				E5C010E27B10B114AF2498BB /* [CP] Embed Pods Frameworks */,
			);
			buildRules = (
			);
			dependencies = (
			);
			name = CloudMusic;
			productName = CloudMusic;
			productReference = 6E5E2259247F990900BB79B5 /* CloudMusic.app */;
			productType = "com.apple.product-type.application";
		};
/* End PBXNativeTarget section */

/* Begin PBXProject section */
		6E5E2251247F990900BB79B5 /* Project object */ = {
			isa = PBXProject;
			attributes = {
				LastSwiftUpdateCheck = 1150;
				LastUpgradeCheck = 1150;
				ORGANIZATIONNAME = "张鹏";
				TargetAttributes = {
					6E5E2258247F990900BB79B5 = {
						CreatedOnToolsVersion = 11.5;
						LastSwiftMigration = 1150;
					};
				};
			};
			buildConfigurationList = 6E5E2254247F990900BB79B5 /* Build configuration list for PBXProject "CloudMusic" */;
			compatibilityVersion = "Xcode 9.3";
			developmentRegion = en;
			hasScannedForEncodings = 0;
			knownRegions = (
				en,
				Base,
			);
			mainGroup = 6E5E2250247F990900BB79B5;
			productRefGroup = 6E5E225A247F990900BB79B5 /* Products */;
			projectDirPath = "";
			projectRoot = "";
			targets = (
				6E5E2258247F990900BB79B5 /* CloudMusic */,
			);
		};
/* End PBXProject section */

/* Begin PBXResourcesBuildPhase section */
		6E5E2257247F990900BB79B5 /* Resources */ = {
			isa = PBXResourcesBuildPhase;
			buildActionMask = 2147483647;
			files = (
				6E5E2269247F990D00BB79B5 /* LaunchScreen.storyboard in Resources */,
				6E5857D02480A6BD00D5CA04 /* YJBannerView.bundle in Resources */,
				6E5857AD24809B4600D5CA04 /* ZPLoginOrRegisterViewController.xib in Resources */,
				6E316B962480E69D00FEECC4 /* ZPRegisterViewController.xib in Resources */,
				6E316B922480E63900FEECC4 /* ZPLoginViewController.xib in Resources */,
				6E5E2277247FB48700BB79B5 /* ZPGuideViewController.xib in Resources */,
				6E5E2266247F990D00BB79B5 /* Assets.xcassets in Resources */,
				6E5E2264247F990900BB79B5 /* Splash.storyboard in Resources */,
			);
			runOnlyForDeploymentPostprocessing = 0;
		};
/* End PBXResourcesBuildPhase section */

/* Begin PBXShellScriptBuildPhase section */
		40DE7FF9259C0745B3221320 /* [CP] Check Pods Manifest.lock */ = {
			isa = PBXShellScriptBuildPhase;
			buildActionMask = 2147483647;
			files = (
			);
			inputFileListPaths = (
			);
			inputPaths = (
				"${PODS_PODFILE_DIR_PATH}/Podfile.lock",
				"${PODS_ROOT}/Manifest.lock",
			);
			name = "[CP] Check Pods Manifest.lock";
			outputFileListPaths = (
			);
			outputPaths = (
				"$(DERIVED_FILE_DIR)/Pods-CloudMusic-checkManifestLockResult.txt",
			);
			runOnlyForDeploymentPostprocessing = 0;
			shellPath = /bin/sh;
			shellScript = "diff \"${PODS_PODFILE_DIR_PATH}/Podfile.lock\" \"${PODS_ROOT}/Manifest.lock\" > /dev/null\nif [ $? != 0 ] ; then\n    # print error to STDERR\n    echo \"error: The sandbox is not in sync with the Podfile.lock. Run 'pod install' or update your CocoaPods installation.\" >&2\n    exit 1\nfi\n# This output is used by Xcode 'outputs' to avoid re-running this script phase.\necho \"SUCCESS\" > \"${SCRIPT_OUTPUT_FILE_0}\"\n";
			showEnvVarsInLog = 0;
		};
		E5C010E27B10B114AF2498BB /* [CP] Embed Pods Frameworks */ = {
			isa = PBXShellScriptBuildPhase;
			buildActionMask = 2147483647;
			files = (
			);
			inputFileListPaths = (
				"${PODS_ROOT}/Target Support Files/Pods-CloudMusic/Pods-CloudMusic-frameworks-${CONFIGURATION}-input-files.xcfilelist",
			);
			name = "[CP] Embed Pods Frameworks";
			outputFileListPaths = (
				"${PODS_ROOT}/Target Support Files/Pods-CloudMusic/Pods-CloudMusic-frameworks-${CONFIGURATION}-output-files.xcfilelist",
			);
			runOnlyForDeploymentPostprocessing = 0;
			shellPath = /bin/sh;
			shellScript = "\"${PODS_ROOT}/Target Support Files/Pods-CloudMusic/Pods-CloudMusic-frameworks.sh\"\n";
			showEnvVarsInLog = 0;
		};
/* End PBXShellScriptBuildPhase section */

/* Begin PBXSourcesBuildPhase section */
		6E5E2255247F990900BB79B5 /* Sources */ = {
			isa = PBXSourcesBuildPhase;
			buildActionMask = 2147483647;
			files = (
				6E316B912480E63900FEECC4 /* ZPLoginViewController.swift in Sources */,
				6E316BCB24874EBA00FEECC4 /* CustomNetworkUtil.swift in Sources */,
				6E316BAC24822B8000FEECC4 /* ZPMusicModel.swift in Sources */,
				6E5E227F247FEBCB00BB79B5 /* UIColor+Extention.swift in Sources */,
				6E5E225D247F990900BB79B5 /* AppDelegate.swift in Sources */,
				6E316BA22481237400FEECC4 /* ToastUtil.swift in Sources */,
				6E316B9A24810E0B00FEECC4 /* BaseViewController.swift in Sources */,
				6E5857D12480A6BD00D5CA04 /* YJBannerViewCollectionView.m in Sources */,
				6E5857CF2480A6BD00D5CA04 /* YJAnimatedDotView.m in Sources */,
				6E316BCD248796AA00FEECC4 /* BaseModel.swift in Sources */,
				6E5857CD2480A6BD00D5CA04 /* YJHollowPageControl.m in Sources */,
				6E5857AC24809B4600D5CA04 /* ZPLoginOrRegisterViewController.swift in Sources */,
				6E316BC924874B7F00FEECC4 /* ListResponse.swift in Sources */,
				6E5E2273247FB28D00BB79B5 /* ZPSplashViewController.swift in Sources */,
				6E5857DE2480B13C00D5CA04 /* ZPGuideViewControllerExtention.swift in Sources */,
				6E316B9D24810F5A00FEECC4 /* RegexEnum.swift in Sources */,
				6E5857E82480B7C200D5CA04 /* PreferenceUtil.swift in Sources */,
				6E316BC724874B6400FEECC4 /* DetailResponse.swift in Sources */,
				6E5857D52480AAD500D5CA04 /* ColorConstant.swift in Sources */,
				6E316BC32487489100FEECC4 /* Observable+Extention.swift in Sources */,
				6E5857CB2480A6BD00D5CA04 /* UIView+YJBannerViewExt.m in Sources */,
				6E5E227D247FE5D200BB79B5 /* Constant.swift in Sources */,
				6E316BA024810F7E00FEECC4 /* String+Extention.swift in Sources */,
				6E5E2276247FB48700BB79B5 /* ZPGuideViewController.swift in Sources */,
				6E5857CE2480A6BD00D5CA04 /* YJAbstractDotView.m in Sources */,
				6E5857CC2480A6BD00D5CA04 /* YJBannerView.m in Sources */,
				6E316BC524874B2E00FEECC4 /* BaseResponse.swift in Sources */,
				6E316BA62481EE0B00FEECC4 /* CustomNetworkAPI.swift in Sources */,
				6E5E227A247FDB9B00BB79B5 /* UIView+Extention.swift in Sources */,
				6E316B952480E69D00FEECC4 /* ZPRegisterViewController.swift in Sources */,
				6E5857E42480B57F00D5CA04 /* DefaultKeys.swift in Sources */,
				6E316B9E24810F5A00FEECC4 /* Regex.swift in Sources */,
				6E5857D32480A6BD00D5CA04 /* YJBannerViewFooter.m in Sources */,
				6E5857D22480A6BD00D5CA04 /* YJBannerViewCell.m in Sources */,
				6E5857E22480B2B800D5CA04 /* PushUtil.swift in Sources */,
			);
			runOnlyForDeploymentPostprocessing = 0;
		};
/* End PBXSourcesBuildPhase section */

/* Begin PBXVariantGroup section */
		6E5E2262247F990900BB79B5 /* Splash.storyboard */ = {
			isa = PBXVariantGroup;
			children = (
				6E5E2263247F990900BB79B5 /* Base */,
			);
			name = Splash.storyboard;
			sourceTree = "<group>";
		};
		6E5E2267247F990D00BB79B5 /* LaunchScreen.storyboard */ = {
			isa = PBXVariantGroup;
			children = (
				6E5E2268247F990D00BB79B5 /* Base */,
			);
			name = LaunchScreen.storyboard;
			sourceTree = "<group>";
		};
/* End PBXVariantGroup section */

/* Begin XCBuildConfiguration section */
		6E5E226B247F990D00BB79B5 /* Debug */ = {
			isa = XCBuildConfiguration;
			buildSettings = {
				ALWAYS_SEARCH_USER_PATHS = NO;
				CLANG_ANALYZER_NONNULL = YES;
				CLANG_ANALYZER_NUMBER_OBJECT_CONVERSION = YES_AGGRESSIVE;
				CLANG_CXX_LANGUAGE_STANDARD = "gnu++14";
				CLANG_CXX_LIBRARY = "libc++";
				CLANG_ENABLE_MODULES = YES;
				CLANG_ENABLE_OBJC_ARC = YES;
				CLANG_ENABLE_OBJC_WEAK = YES;
				CLANG_WARN_BLOCK_CAPTURE_AUTORELEASING = YES;
				CLANG_WARN_BOOL_CONVERSION = YES;
				CLANG_WARN_COMMA = YES;
				CLANG_WARN_CONSTANT_CONVERSION = YES;
				CLANG_WARN_DEPRECATED_OBJC_IMPLEMENTATIONS = YES;
				CLANG_WARN_DIRECT_OBJC_ISA_USAGE = YES_ERROR;
				CLANG_WARN_DOCUMENTATION_COMMENTS = YES;
				CLANG_WARN_EMPTY_BODY = YES;
				CLANG_WARN_ENUM_CONVERSION = YES;
				CLANG_WARN_INFINITE_RECURSION = YES;
				CLANG_WARN_INT_CONVERSION = YES;
				CLANG_WARN_NON_LITERAL_NULL_CONVERSION = YES;
				CLANG_WARN_OBJC_IMPLICIT_RETAIN_SELF = YES;
				CLANG_WARN_OBJC_LITERAL_CONVERSION = YES;
				CLANG_WARN_OBJC_ROOT_CLASS = YES_ERROR;
				CLANG_WARN_RANGE_LOOP_ANALYSIS = YES;
				CLANG_WARN_STRICT_PROTOTYPES = YES;
				CLANG_WARN_SUSPICIOUS_MOVE = YES;
				CLANG_WARN_UNGUARDED_AVAILABILITY = YES_AGGRESSIVE;
				CLANG_WARN_UNREACHABLE_CODE = YES;
				CLANG_WARN__DUPLICATE_METHOD_MATCH = YES;
				COPY_PHASE_STRIP = NO;
				DEBUG_INFORMATION_FORMAT = dwarf;
				ENABLE_STRICT_OBJC_MSGSEND = YES;
				ENABLE_TESTABILITY = YES;
				GCC_C_LANGUAGE_STANDARD = gnu11;
				GCC_DYNAMIC_NO_PIC = NO;
				GCC_NO_COMMON_BLOCKS = YES;
				GCC_OPTIMIZATION_LEVEL = 0;
				GCC_PREPROCESSOR_DEFINITIONS = (
					"DEBUG=1",
					"$(inherited)",
				);
				GCC_WARN_64_TO_32_BIT_CONVERSION = YES;
				GCC_WARN_ABOUT_RETURN_TYPE = YES_ERROR;
				GCC_WARN_UNDECLARED_SELECTOR = YES;
				GCC_WARN_UNINITIALIZED_AUTOS = YES_AGGRESSIVE;
				GCC_WARN_UNUSED_FUNCTION = YES;
				GCC_WARN_UNUSED_VARIABLE = YES;
				IPHONEOS_DEPLOYMENT_TARGET = 13.5;
				MTL_ENABLE_DEBUG_INFO = INCLUDE_SOURCE;
				MTL_FAST_MATH = YES;
				ONLY_ACTIVE_ARCH = YES;
				SDKROOT = iphoneos;
				SWIFT_ACTIVE_COMPILATION_CONDITIONS = DEBUG;
				SWIFT_OPTIMIZATION_LEVEL = "-Onone";
			};
			name = Debug;
		};
		6E5E226C247F990D00BB79B5 /* Release */ = {
			isa = XCBuildConfiguration;
			buildSettings = {
				ALWAYS_SEARCH_USER_PATHS = NO;
				CLANG_ANALYZER_NONNULL = YES;
				CLANG_ANALYZER_NUMBER_OBJECT_CONVERSION = YES_AGGRESSIVE;
				CLANG_CXX_LANGUAGE_STANDARD = "gnu++14";
				CLANG_CXX_LIBRARY = "libc++";
				CLANG_ENABLE_MODULES = YES;
				CLANG_ENABLE_OBJC_ARC = YES;
				CLANG_ENABLE_OBJC_WEAK = YES;
				CLANG_WARN_BLOCK_CAPTURE_AUTORELEASING = YES;
				CLANG_WARN_BOOL_CONVERSION = YES;
				CLANG_WARN_COMMA = YES;
				CLANG_WARN_CONSTANT_CONVERSION = YES;
				CLANG_WARN_DEPRECATED_OBJC_IMPLEMENTATIONS = YES;
				CLANG_WARN_DIRECT_OBJC_ISA_USAGE = YES_ERROR;
				CLANG_WARN_DOCUMENTATION_COMMENTS = YES;
				CLANG_WARN_EMPTY_BODY = YES;
				CLANG_WARN_ENUM_CONVERSION = YES;
				CLANG_WARN_INFINITE_RECURSION = YES;
				CLANG_WARN_INT_CONVERSION = YES;
				CLANG_WARN_NON_LITERAL_NULL_CONVERSION = YES;
				CLANG_WARN_OBJC_IMPLICIT_RETAIN_SELF = YES;
				CLANG_WARN_OBJC_LITERAL_CONVERSION = YES;
				CLANG_WARN_OBJC_ROOT_CLASS = YES_ERROR;
				CLANG_WARN_RANGE_LOOP_ANALYSIS = YES;
				CLANG_WARN_STRICT_PROTOTYPES = YES;
				CLANG_WARN_SUSPICIOUS_MOVE = YES;
				CLANG_WARN_UNGUARDED_AVAILABILITY = YES_AGGRESSIVE;
				CLANG_WARN_UNREACHABLE_CODE = YES;
				CLANG_WARN__DUPLICATE_METHOD_MATCH = YES;
				COPY_PHASE_STRIP = NO;
				DEBUG_INFORMATION_FORMAT = "dwarf-with-dsym";
				ENABLE_NS_ASSERTIONS = NO;
				ENABLE_STRICT_OBJC_MSGSEND = YES;
				GCC_C_LANGUAGE_STANDARD = gnu11;
				GCC_NO_COMMON_BLOCKS = YES;
				GCC_WARN_64_TO_32_BIT_CONVERSION = YES;
				GCC_WARN_ABOUT_RETURN_TYPE = YES_ERROR;
				GCC_WARN_UNDECLARED_SELECTOR = YES;
				GCC_WARN_UNINITIALIZED_AUTOS = YES_AGGRESSIVE;
				GCC_WARN_UNUSED_FUNCTION = YES;
				GCC_WARN_UNUSED_VARIABLE = YES;
				IPHONEOS_DEPLOYMENT_TARGET = 13.5;
				MTL_ENABLE_DEBUG_INFO = NO;
				MTL_FAST_MATH = YES;
				SDKROOT = iphoneos;
				SWIFT_COMPILATION_MODE = wholemodule;
				SWIFT_OPTIMIZATION_LEVEL = "-O";
				VALIDATE_PRODUCT = YES;
			};
			name = Release;
		};
		6E5E226E247F990D00BB79B5 /* Debug */ = {
			isa = XCBuildConfiguration;
			baseConfigurationReference = 7F36F7541C414610088412F5 /* Pods-CloudMusic.debug.xcconfig */;
			buildSettings = {
				ASSETCATALOG_COMPILER_APPICON_NAME = AppIcon;
				CLANG_ENABLE_MODULES = YES;
				CODE_SIGN_STYLE = Automatic;
				DEVELOPMENT_TEAM = 5ZMRWZHDC9;
				INFOPLIST_FILE = CloudMusic/main/Info.plist;
				IPHONEOS_DEPLOYMENT_TARGET = 10.0;
				LD_RUNPATH_SEARCH_PATHS = (
					"$(inherited)",
					"@executable_path/Frameworks",
				);
				PRODUCT_BUNDLE_IDENTIFIER = com.zp.CloudMusic;
				PRODUCT_NAME = "$(TARGET_NAME)";
				SWIFT_OBJC_BRIDGING_HEADER = "CloudMusic/main/CloudMusic-Bridging-Header.h";
				SWIFT_OPTIMIZATION_LEVEL = "-Onone";
				SWIFT_VERSION = 5.0;
				TARGETED_DEVICE_FAMILY = 1;
			};
			name = Debug;
		};
		6E5E226F247F990D00BB79B5 /* Release */ = {
			isa = XCBuildConfiguration;
			baseConfigurationReference = 5C23224B6663A2816B640918 /* Pods-CloudMusic.release.xcconfig */;
			buildSettings = {
				ASSETCATALOG_COMPILER_APPICON_NAME = AppIcon;
				CLANG_ENABLE_MODULES = YES;
				CODE_SIGN_STYLE = Automatic;
				DEVELOPMENT_TEAM = 5ZMRWZHDC9;
				INFOPLIST_FILE = CloudMusic/main/Info.plist;
				IPHONEOS_DEPLOYMENT_TARGET = 10.0;
				LD_RUNPATH_SEARCH_PATHS = (
					"$(inherited)",
					"@executable_path/Frameworks",
				);
				PRODUCT_BUNDLE_IDENTIFIER = com.zp.CloudMusic;
				PRODUCT_NAME = "$(TARGET_NAME)";
				SWIFT_OBJC_BRIDGING_HEADER = "CloudMusic/main/CloudMusic-Bridging-Header.h";
				SWIFT_VERSION = 5.0;
				TARGETED_DEVICE_FAMILY = 1;
			};
			name = Release;
		};
/* End XCBuildConfiguration section */

/* Begin XCConfigurationList section */
		6E5E2254247F990900BB79B5 /* Build configuration list for PBXProject "CloudMusic" */ = {
			isa = XCConfigurationList;
			buildConfigurations = (
				6E5E226B247F990D00BB79B5 /* Debug */,
				6E5E226C247F990D00BB79B5 /* Release */,
			);
			defaultConfigurationIsVisible = 0;
			defaultConfigurationName = Release;
		};
		6E5E226D247F990D00BB79B5 /* Build configuration list for PBXNativeTarget "CloudMusic" */ = {
			isa = XCConfigurationList;
			buildConfigurations = (
				6E5E226E247F990D00BB79B5 /* Debug */,
				6E5E226F247F990D00BB79B5 /* Release */,
			);
			defaultConfigurationIsVisible = 0;
			defaultConfigurationName = Release;
		};
/* End XCConfigurationList section */
	};
	rootObject = 6E5E2251247F990900BB79B5 /* Project object */;
}
